{
    "name": "paq-research",
    "version": "0.1.0",
    "lockfileVersion": 1,
    "requires": true,
    "dependencies": {
        "@mapbox/polylabel": {
            "version": "1.0.2",
            "resolved": "https://registry.npmjs.org/@mapbox/polylabel/-/polylabel-1.0.2.tgz",
            "integrity": "sha1-xXFGGbZa3QgmOOoGAn5psUUA76Y=",
            "requires": {
                "tinyqueue": "^1.1.0"
            }
        },
        "@next/env": {
            "version": "12.1.0",
            "resolved": "https://registry.npmjs.org/@next/env/-/env-12.1.0.tgz",
            "integrity": "sha512-nrIgY6t17FQ9xxwH3jj0a6EOiQ/WDHUos35Hghtr+SWN/ntHIQ7UpuvSi0vaLzZVHQWaDupKI+liO5vANcDeTQ=="
        },
        "@next/swc-android-arm64": {
            "version": "12.1.0",
            "resolved": "https://registry.npmjs.org/@next/swc-android-arm64/-/swc-android-arm64-12.1.0.tgz",
            "integrity": "sha512-/280MLdZe0W03stA69iL+v6I+J1ascrQ6FrXBlXGCsGzrfMaGr7fskMa0T5AhQIVQD4nA/46QQWxG//DYuFBcA==",
            "optional": true
        },
        "@next/swc-darwin-arm64": {
            "version": "12.1.0",
            "resolved": "https://registry.npmjs.org/@next/swc-darwin-arm64/-/swc-darwin-arm64-12.1.0.tgz",
            "integrity": "sha512-R8vcXE2/iONJ1Unf5Ptqjk6LRW3bggH+8drNkkzH4FLEQkHtELhvcmJwkXcuipyQCsIakldAXhRbZmm3YN1vXg==",
            "optional": true
        },
        "@next/swc-darwin-x64": {
            "version": "12.1.0",
            "resolved": "https://registry.npmjs.org/@next/swc-darwin-x64/-/swc-darwin-x64-12.1.0.tgz",
            "integrity": "sha512-ieAz0/J0PhmbZBB8+EA/JGdhRHBogF8BWaeqR7hwveb6SYEIJaDNQy0I+ZN8gF8hLj63bEDxJAs/cEhdnTq+ug==",
            "optional": true
        },
        "@next/swc-linux-arm-gnueabihf": {
            "version": "12.1.0",
            "resolved": "https://registry.npmjs.org/@next/swc-linux-arm-gnueabihf/-/swc-linux-arm-gnueabihf-12.1.0.tgz",
            "integrity": "sha512-njUd9hpl6o6A5d08dC0cKAgXKCzm5fFtgGe6i0eko8IAdtAPbtHxtpre3VeSxdZvuGFh+hb0REySQP9T1ttkog==",
            "optional": true
        },
        "@next/swc-linux-arm64-gnu": {
            "version": "12.1.0",
            "resolved": "https://registry.npmjs.org/@next/swc-linux-arm64-gnu/-/swc-linux-arm64-gnu-12.1.0.tgz",
            "integrity": "sha512-OqangJLkRxVxMhDtcb7Qn1xjzFA3s50EIxY7mljbSCLybU+sByPaWAHY4px97ieOlr2y4S0xdPKkQ3BCAwyo6Q==",
            "optional": true
        },
        "@next/swc-linux-arm64-musl": {
            "version": "12.1.0",
            "resolved": "https://registry.npmjs.org/@next/swc-linux-arm64-musl/-/swc-linux-arm64-musl-12.1.0.tgz",
            "integrity": "sha512-hB8cLSt4GdmOpcwRe2UzI5UWn6HHO/vLkr5OTuNvCJ5xGDwpPXelVkYW/0+C3g5axbDW2Tym4S+MQCkkH9QfWA==",
            "optional": true
        },
        "@next/swc-linux-x64-gnu": {
            "version": "12.1.0",
            "resolved": "https://registry.npmjs.org/@next/swc-linux-x64-gnu/-/swc-linux-x64-gnu-12.1.0.tgz",
            "integrity": "sha512-OKO4R/digvrVuweSw/uBM4nSdyzsBV5EwkUeeG4KVpkIZEe64ZwRpnFB65bC6hGwxIBnTv5NMSnJ+0K/WmG78A==",
            "optional": true
        },
        "@next/swc-linux-x64-musl": {
            "version": "12.1.0",
            "resolved": "https://registry.npmjs.org/@next/swc-linux-x64-musl/-/swc-linux-x64-musl-12.1.0.tgz",
            "integrity": "sha512-JohhgAHZvOD3rQY7tlp7NlmvtvYHBYgY0x5ZCecUT6eCCcl9lv6iV3nfu82ErkxNk1H893fqH0FUpznZ/H3pSw==",
            "optional": true
        },
        "@next/swc-win32-arm64-msvc": {
            "version": "12.1.0",
            "resolved": "https://registry.npmjs.org/@next/swc-win32-arm64-msvc/-/swc-win32-arm64-msvc-12.1.0.tgz",
            "integrity": "sha512-T/3gIE6QEfKIJ4dmJk75v9hhNiYZhQYAoYm4iVo1TgcsuaKLFa+zMPh4056AHiG6n9tn2UQ1CFE8EoybEsqsSw==",
            "optional": true
        },
        "@next/swc-win32-ia32-msvc": {
            "version": "12.1.0",
            "resolved": "https://registry.npmjs.org/@next/swc-win32-ia32-msvc/-/swc-win32-ia32-msvc-12.1.0.tgz",
            "integrity": "sha512-iwnKgHJdqhIW19H9PRPM9j55V6RdcOo6rX+5imx832BCWzkDbyomWnlzBfr6ByUYfhohb8QuH4hSGEikpPqI0Q==",
            "optional": true
        },
        "@next/swc-win32-x64-msvc": {
            "version": "12.1.0",
            "resolved": "https://registry.npmjs.org/@next/swc-win32-x64-msvc/-/swc-win32-x64-msvc-12.1.0.tgz",
            "integrity": "sha512-aBvcbMwuanDH4EMrL2TthNJy+4nP59Bimn8egqv6GHMVj0a44cU6Au4PjOhLNqEh9l+IpRGBqMTzec94UdC5xg==",
            "optional": true
        },
        "asap": {
            "version": "2.0.6",
            "resolved": "https://registry.npmjs.org/asap/-/asap-2.0.6.tgz",
            "integrity": "sha1-5QNHYR1+aQlDIIu9r+vLwvuGbUY="
        },
        "babel-runtime": {
            "version": "6.26.0",
            "resolved": "https://registry.npmjs.org/babel-runtime/-/babel-runtime-6.26.0.tgz",
            "integrity": "sha1-llxwWGaOgrVde/4E/yM3vItWR/4=",
            "requires": {
                "core-js": "^2.4.0",
                "regenerator-runtime": "^0.11.0"
            },
            "dependencies": {
                "core-js": {
                    "version": "2.6.11",
                    "resolved": "https://registry.npmjs.org/core-js/-/core-js-2.6.11.tgz",
                    "integrity": "sha512-5wjnpaT/3dV+XB4borEsnAYQchn00XSgTAWKDkEqv+K8KevjbzmofK6hfJ9TZIlpj2N0xQpazy7PiRQiWHqzWg=="
                },
                "regenerator-runtime": {
                    "version": "0.11.1",
                    "resolved": "https://registry.npmjs.org/regenerator-runtime/-/regenerator-runtime-0.11.1.tgz",
                    "integrity": "sha512-MguG95oij0fC3QV3URf4V2SDYGJhJnJGqvIIgdECeODCT98wSWDAJ94SSuVpYQUoTcGUIL6L4yNB7j1DFFHSBg=="
                }
            }
        },
        "bintrees": {
            "version": "1.0.2",
            "resolved": "https://registry.npmjs.org/bintrees/-/bintrees-1.0.2.tgz",
            "integrity": "sha1-SfiW1uhYpKSZ34XDj7OZua/4QPg="
        },
        "caniuse-lite": {
            "version": "1.0.30001341",
            "resolved": "https://registry.npmjs.org/caniuse-lite/-/caniuse-lite-1.0.30001341.tgz",
            "integrity": "sha512-2SodVrFFtvGENGCv0ChVJIDQ0KPaS1cg7/qtfMaICgeMolDdo/Z2OD32F0Aq9yl6F4YFwGPBS5AaPqNYiW4PoA=="
        },
        "commander": {
            "version": "2.20.3",
            "resolved": "https://registry.npmjs.org/commander/-/commander-2.20.3.tgz",
            "integrity": "sha512-GpVkmM8vF2vQUkj2LvZmD35JxeJOLCwJ9cUkugyk2nuhbv3+mJvpLYYt+0+USMxE+oj+ey/lJEnhZw75x/OMcQ=="
        },
        "core-js": {
            "version": "1.2.7",
            "resolved": "https://registry.npmjs.org/core-js/-/core-js-1.2.7.tgz",
            "integrity": "sha1-ZSKUwUZR2yj6k70tX/KYOk8IxjY="
        },
        "d3-array": {
            "version": "1.2.4",
            "resolved": "https://registry.npmjs.org/d3-array/-/d3-array-1.2.4.tgz",
            "integrity": "sha512-KHW6M86R+FUPYGb3R5XiYjXPq7VzwxZ22buHhAEVG5ztoEcZZMLov530mmccaqA1GghZArjQV46fuc8kUqhhHw=="
        },
        "d3-bboxCollide": {
            "version": "1.0.4",
            "resolved": "https://registry.npmjs.org/d3-bboxCollide/-/d3-bboxCollide-1.0.4.tgz",
            "integrity": "sha512-Sc8FKGGeejlowLW1g/0WBrVcbd++SBRW4N8OuZhVeRAfwlTL96+75JKlFfHweYdYRui1zPabfNXZrNaphBjS+w==",
            "requires": {
                "d3-quadtree": "1.0.1"
            }
        },
        "d3-brush": {
            "version": "1.1.6",
            "resolved": "https://registry.npmjs.org/d3-brush/-/d3-brush-1.1.6.tgz",
            "integrity": "sha512-7RW+w7HfMCPyZLifTz/UnJmI5kdkXtpCbombUSs8xniAyo0vIbrDzDwUJB6eJOgl9u5DQOt2TQlYumxzD1SvYA==",
            "requires": {
                "d3-dispatch": "1",
                "d3-drag": "1",
                "d3-interpolate": "1",
                "d3-selection": "1",
                "d3-transition": "1"
            }
        },
        "d3-chord": {
            "version": "1.0.6",
            "resolved": "https://registry.npmjs.org/d3-chord/-/d3-chord-1.0.6.tgz",
            "integrity": "sha512-JXA2Dro1Fxw9rJe33Uv+Ckr5IrAa74TlfDEhE/jfLOaXegMQFQTAgAw9WnZL8+HxVBRXaRGCkrNU7pJeylRIuA==",
            "requires": {
                "d3-array": "1",
                "d3-path": "1"
            }
        },
        "d3-collection": {
            "version": "1.0.7",
            "resolved": "https://registry.npmjs.org/d3-collection/-/d3-collection-1.0.7.tgz",
            "integrity": "sha512-ii0/r5f4sjKNTfh84Di+DpztYwqKhEyUlKoPrzUFfeSkWxjW49xU2QzO9qrPrNkpdI0XJkfzvmTu8V2Zylln6A=="
        },
        "d3-color": {
            "version": "1.4.1",
            "resolved": "https://registry.npmjs.org/d3-color/-/d3-color-1.4.1.tgz",
            "integrity": "sha512-p2sTHSLCJI2QKunbGb7ocOh7DgTAn8IrLx21QRc/BSnodXM4sv6aLQlnfpvehFMLZEfBc6g9pH9SWQccFYfJ9Q=="
        },
        "d3-contour": {
            "version": "1.3.2",
            "resolved": "https://registry.npmjs.org/d3-contour/-/d3-contour-1.3.2.tgz",
            "integrity": "sha512-hoPp4K/rJCu0ladiH6zmJUEz6+u3lgR+GSm/QdM2BBvDraU39Vr7YdDCicJcxP1z8i9B/2dJLgDC1NcvlF8WCg==",
            "requires": {
                "d3-array": "^1.1.1"
            }
        },
        "d3-dispatch": {
            "version": "1.0.6",
            "resolved": "https://registry.npmjs.org/d3-dispatch/-/d3-dispatch-1.0.6.tgz",
            "integrity": "sha512-fVjoElzjhCEy+Hbn8KygnmMS7Or0a9sI2UzGwoB7cCtvI1XpVN9GpoYlnb3xt2YV66oXYb1fLJ8GMvP4hdU1RA=="
        },
        "d3-drag": {
            "version": "1.2.5",
            "resolved": "https://registry.npmjs.org/d3-drag/-/d3-drag-1.2.5.tgz",
            "integrity": "sha512-rD1ohlkKQwMZYkQlYVCrSFxsWPzI97+W+PaEIBNTMxRuxz9RF0Hi5nJWHGVJ3Om9d2fRTe1yOBINJyy/ahV95w==",
            "requires": {
                "d3-dispatch": "1",
                "d3-selection": "1"
            }
        },
        "d3-ease": {
            "version": "1.0.7",
            "resolved": "https://registry.npmjs.org/d3-ease/-/d3-ease-1.0.7.tgz",
            "integrity": "sha512-lx14ZPYkhNx0s/2HX5sLFUI3mbasHjSSpwO/KaaNACweVwxUruKyWVcb293wMv1RqTPZyZ8kSZ2NogUZNcLOFQ=="
        },
        "d3-force": {
            "version": "1.2.1",
            "resolved": "https://registry.npmjs.org/d3-force/-/d3-force-1.2.1.tgz",
            "integrity": "sha512-HHvehyaiUlVo5CxBJ0yF/xny4xoaxFxDnBXNvNcfW9adORGZfyNF1dj6DGLKyk4Yh3brP/1h3rnDzdIAwL08zg==",
            "requires": {
                "d3-collection": "1",
                "d3-dispatch": "1",
                "d3-quadtree": "1",
                "d3-timer": "1"
            }
        },
        "d3-format": {
            "version": "1.4.5",
            "resolved": "https://registry.npmjs.org/d3-format/-/d3-format-1.4.5.tgz",
            "integrity": "sha512-J0piedu6Z8iB6TbIGfZgDzfXxUFN3qQRMofy2oPdXzQibYGqPB/9iMcxr/TGalU+2RsyDO+U4f33id8tbnSRMQ=="
        },
        "d3-glyphedge": {
            "version": "1.2.0",
            "resolved": "https://registry.npmjs.org/d3-glyphedge/-/d3-glyphedge-1.2.0.tgz",
            "integrity": "sha512-F49fyMXMLYDHvqvxSmuGZrtIWeWLZWxar82WL1CJDBDPk4z6GUGSG4wX7rdv7N7R/YazAyMMnpOL0YQcmTLlOQ=="
        },
        "d3-hexbin": {
            "version": "0.2.2",
            "resolved": "https://registry.npmjs.org/d3-hexbin/-/d3-hexbin-0.2.2.tgz",
            "integrity": "sha1-nFg32s/UcasFM3qeke8Qv8T5iDE="
        },
        "d3-hierarchy": {
            "version": "1.1.9",
            "resolved": "https://registry.npmjs.org/d3-hierarchy/-/d3-hierarchy-1.1.9.tgz",
            "integrity": "sha512-j8tPxlqh1srJHAtxfvOUwKNYJkQuBFdM1+JAUfq6xqH5eAqf93L7oG1NVqDa4CpFZNvnNKtCYEUC8KY9yEn9lQ=="
        },
        "d3-interpolate": {
            "version": "1.4.0",
            "resolved": "https://registry.npmjs.org/d3-interpolate/-/d3-interpolate-1.4.0.tgz",
            "integrity": "sha512-V9znK0zc3jOPV4VD2zZn0sDhZU3WAE2bmlxdIwwQPPzPjvyLkd8B3JUVdS1IDUFDkWZ72c9qnv1GK2ZagTZ8EA==",
            "requires": {
                "d3-color": "1"
            }
        },
        "d3-path": {
            "version": "1.0.9",
            "resolved": "https://registry.npmjs.org/d3-path/-/d3-path-1.0.9.tgz",
            "integrity": "sha512-VLaYcn81dtHVTjEHd8B+pbe9yHWpXKZUC87PzoFmsFrJqgFwDe/qxfp5MlfsfM1V5E/iVt0MmEbWQ7FVIXh/bg=="
        },
        "d3-polygon": {
            "version": "1.0.6",
            "resolved": "https://registry.npmjs.org/d3-polygon/-/d3-polygon-1.0.6.tgz",
            "integrity": "sha512-k+RF7WvI08PC8reEoXa/w2nSg5AUMTi+peBD9cmFc+0ixHfbs4QmxxkarVal1IkVkgxVuk9JSHhJURHiyHKAuQ=="
        },
        "d3-quadtree": {
            "version": "1.0.1",
            "resolved": "https://registry.npmjs.org/d3-quadtree/-/d3-quadtree-1.0.1.tgz",
            "integrity": "sha1-E74CViTxEEBe1DU2xQaq7Bme1ZE="
        },
        "d3-sankey-circular": {
            "version": "0.25.0",
            "resolved": "https://registry.npmjs.org/d3-sankey-circular/-/d3-sankey-circular-0.25.0.tgz",
            "integrity": "sha512-maYak22afBAvmybeaopd1cVUNTIroEHhWCmh19gEQ+qgOhBkTav8YeP3Uw4OV/K4OksWaQrhhBOE4Rcxgc2JbQ==",
            "requires": {
                "d3-array": "^1.2.1",
                "d3-collection": "^1.0.4",
                "d3-shape": "^1.2.0"
            }
        },
        "d3-scale": {
            "version": "1.0.7",
            "resolved": "https://registry.npmjs.org/d3-scale/-/d3-scale-1.0.7.tgz",
            "integrity": "sha512-KvU92czp2/qse5tUfGms6Kjig0AhHOwkzXG0+PqIJB3ke0WUv088AHMZI0OssO9NCkXt4RP8yju9rpH8aGB7Lw==",
            "requires": {
                "d3-array": "^1.2.0",
                "d3-collection": "1",
                "d3-color": "1",
                "d3-format": "1",
                "d3-interpolate": "1",
                "d3-time": "1",
                "d3-time-format": "2"
            }
        },
        "d3-selection": {
            "version": "1.4.2",
            "resolved": "https://registry.npmjs.org/d3-selection/-/d3-selection-1.4.2.tgz",
            "integrity": "sha512-SJ0BqYihzOjDnnlfyeHT0e30k0K1+5sR3d5fNueCNeuhZTnGw4M4o8mqJchSwgKMXCNFo+e2VTChiSJ0vYtXkg=="
        },
        "d3-shape": {
            "version": "1.3.7",
            "resolved": "https://registry.npmjs.org/d3-shape/-/d3-shape-1.3.7.tgz",
            "integrity": "sha512-EUkvKjqPFUAZyOlhY5gzCxCeI0Aep04LwIRpsZ/mLFelJiUfnK56jo5JMDSE7yyP2kLSb6LtF+S5chMk7uqPqw==",
            "requires": {
                "d3-path": "1"
            }
        },
        "d3-time": {
            "version": "1.1.0",
            "resolved": "https://registry.npmjs.org/d3-time/-/d3-time-1.1.0.tgz",
            "integrity": "sha512-Xh0isrZ5rPYYdqhAVk8VLnMEidhz5aP7htAADH6MfzgmmicPkTo8LhkLxci61/lCB7n7UmE3bN0leRt+qvkLxA=="
        },
        "d3-time-format": {
            "version": "2.3.0",
            "resolved": "https://registry.npmjs.org/d3-time-format/-/d3-time-format-2.3.0.tgz",
            "integrity": "sha512-guv6b2H37s2Uq/GefleCDtbe0XZAuy7Wa49VGkPVPMfLL9qObgBST3lEHJBMUp8S7NdLQAGIvr2KXk8Hc98iKQ==",
            "requires": {
                "d3-time": "1"
            }
        },
        "d3-timer": {
            "version": "1.0.10",
            "resolved": "https://registry.npmjs.org/d3-timer/-/d3-timer-1.0.10.tgz",
            "integrity": "sha512-B1JDm0XDaQC+uvo4DT79H0XmBskgS3l6Ve+1SBCfxgmtIb1AVrPIoqd+nPSv+loMX8szQ0sVUhGngL7D5QPiXw=="
        },
        "d3-transition": {
            "version": "1.3.2",
            "resolved": "https://registry.npmjs.org/d3-transition/-/d3-transition-1.3.2.tgz",
            "integrity": "sha512-sc0gRU4PFqZ47lPVHloMn9tlPcv8jxgOQg+0zjhfZXMQuvppjG6YuwdMBE0TuqCZjeJkLecku/l9R0JPcRhaDA==",
            "requires": {
                "d3-color": "1",
                "d3-dispatch": "1",
                "d3-ease": "1",
                "d3-interpolate": "1",
                "d3-selection": "^1.1.0",
                "d3-timer": "1"
            }
        },
        "d3-voronoi": {
            "version": "1.1.4",
            "resolved": "https://registry.npmjs.org/d3-voronoi/-/d3-voronoi-1.1.4.tgz",
            "integrity": "sha512-dArJ32hchFsrQ8uMiTBLq256MpnZjeuBtdHpaDlYuQyjU0CVzCJl/BVW+SkszaAeH95D/8gxqAhgx0ouAWAfRg=="
        },
        "encoding": {
            "version": "0.1.13",
            "resolved": "https://registry.npmjs.org/encoding/-/encoding-0.1.13.tgz",
            "integrity": "sha512-ETBauow1T35Y/WZMkio9jiM0Z5xjHHmJ4XmjZOq1l/dXz3lr2sRn87nJy20RupqSh1F2m3HHPSp8ShIPQJrJ3A==",
            "requires": {
                "iconv-lite": "^0.6.2"
            }
        },
        "iconv-lite": {
            "version": "0.6.2",
            "resolved": "https://registry.npmjs.org/iconv-lite/-/iconv-lite-0.6.2.tgz",
            "integrity": "sha512-2y91h5OpQlolefMPmUlivelittSWy0rP+oYVpn6A7GwVHNE8AWzoYOBNmlwks3LobaJxgHCYZAnyNo2GgpNRNQ==",
            "requires": {
                "safer-buffer": ">= 2.1.2 < 3.0.0"
            }
        },
        "is-stream": {
            "version": "1.1.0",
            "resolved": "https://registry.npmjs.org/is-stream/-/is-stream-1.1.0.tgz",
            "integrity": "sha1-EtSj3U5o4Lec6428hBc66A2RykQ="
        },
        "isomorphic-fetch": {
            "version": "2.2.1",
            "resolved": "https://registry.npmjs.org/isomorphic-fetch/-/isomorphic-fetch-2.2.1.tgz",
            "integrity": "sha1-YRrhrPFPXoH3KVB0coGf6XM1WKk=",
            "requires": {
                "node-fetch": "^1.0.1",
                "whatwg-fetch": ">=0.10.0"
            },
            "dependencies": {
                "node-fetch": {
                    "version": "1.7.3",
                    "resolved": "https://registry.npmjs.org/node-fetch/-/node-fetch-1.7.3.tgz",
                    "integrity": "sha512-NhZ4CsKx7cYm2vSrBAr2PvFOe6sWDf0UYLRqA6svUYg7+/TSfVAu49jYC4BvQ4Sms9SZgdqGBgroqfDhJdTyKQ==",
                    "requires": {
                        "encoding": "^0.1.11",
                        "is-stream": "^1.0.1"
                    }
                }
            }
        },
        "js-tokens": {
            "version": "4.0.0",
            "resolved": "https://registry.npmjs.org/js-tokens/-/js-tokens-4.0.0.tgz",
            "integrity": "sha512-RdJUflcE3cUzKiMqQgsCu06FPu9UdIJO0beYbPhHN4k6apgJtifcoCtT9bcxOpYBtpD2kCM6Sbzg4CausW/PKQ=="
        },
        "json2csv": {
            "version": "4.5.4",
            "resolved": "https://registry.npmjs.org/json2csv/-/json2csv-4.5.4.tgz",
            "integrity": "sha512-YxBhY4Lmn8IvVZ36nqg5omxneLy9JlorkqW1j/EDCeqvmi+CQ4uM+wsvXlcIqvGDewIPXMC/O/oF8DX9EH5aoA==",
            "requires": {
                "commander": "^2.15.1",
                "jsonparse": "^1.3.1",
                "lodash.get": "^4.4.2"
            }
        },
        "jsonparse": {
            "version": "1.3.1",
            "resolved": "https://registry.npmjs.org/jsonparse/-/jsonparse-1.3.1.tgz",
            "integrity": "sha1-P02uSpH6wxX3EGL4UhzCOfE2YoA="
        },
        "labella": {
            "version": "1.1.4",
            "resolved": "https://registry.npmjs.org/labella/-/labella-1.1.4.tgz",
            "integrity": "sha1-xsxaNA6N80DrM1YzaD6lm4KMMi0="
        },
        "lodash.get": {
            "version": "4.4.2",
            "resolved": "https://registry.npmjs.org/lodash.get/-/lodash.get-4.4.2.tgz",
            "integrity": "sha1-LRd/ZS+jHpObRDjVNBSZ36OCXpk="
        },
        "loose-envify": {
            "version": "1.4.0",
            "resolved": "https://registry.npmjs.org/loose-envify/-/loose-envify-1.4.0.tgz",
            "integrity": "sha512-lyuxPGr/Wfhrlem2CL/UcnUc1zcqKAImBDzukY7Y5F/yQiNdko6+fRLevlw1HgMySw7f611UIY408EtxRSoK3Q==",
            "requires": {
                "js-tokens": "^3.0.0 || ^4.0.0"
            }
        },
        "martinez-polygon-clipping": {
            "version": "0.1.5",
            "resolved": "https://registry.npmjs.org/martinez-polygon-clipping/-/martinez-polygon-clipping-0.1.5.tgz",
            "integrity": "sha1-gc4+soZ82RiKILkKzybyP7To7kI=",
            "requires": {
                "bintrees": "^1.0.1",
                "tinyqueue": "^1.1.0"
            }
        },
        "memoize-one": {
            "version": "4.0.0",
            "resolved": "https://registry.npmjs.org/memoize-one/-/memoize-one-4.0.0.tgz",
            "integrity": "sha512-wdpOJ4XBejprGn/xhd1i2XR8Dv1A25FJeIvR7syQhQlz9eXsv+06llcvcmBxlWVGv4C73QBsWA8kxvZozzNwiQ=="
        },
        "nanoid": {
            "version": "3.3.4",
            "resolved": "https://registry.npmjs.org/nanoid/-/nanoid-3.3.4.tgz",
            "integrity": "sha512-MqBkQh/OHTS2egovRtLk45wEyNXwF+cokD+1YPf9u5VfJiRdAiRwB2froX5Co9Rh20xs4siNPm8naNotSD6RBw=="
        },
        "next": {
            "version": "12.1.0",
            "resolved": "https://registry.npmjs.org/next/-/next-12.1.0.tgz",
            "integrity": "sha512-s885kWvnIlxsUFHq9UGyIyLiuD0G3BUC/xrH0CEnH5lHEWkwQcHOORgbDF0hbrW9vr/7am4ETfX4A7M6DjrE7Q==",
            "requires": {
                "@next/env": "12.1.0",
                "@next/swc-android-arm64": "12.1.0",
                "@next/swc-darwin-arm64": "12.1.0",
                "@next/swc-darwin-x64": "12.1.0",
                "@next/swc-linux-arm-gnueabihf": "12.1.0",
                "@next/swc-linux-arm64-gnu": "12.1.0",
                "@next/swc-linux-arm64-musl": "12.1.0",
                "@next/swc-linux-x64-gnu": "12.1.0",
                "@next/swc-linux-x64-musl": "12.1.0",
                "@next/swc-win32-arm64-msvc": "12.1.0",
                "@next/swc-win32-ia32-msvc": "12.1.0",
                "@next/swc-win32-x64-msvc": "12.1.0",
                "caniuse-lite": "^1.0.30001283",
                "postcss": "8.4.5",
                "styled-jsx": "5.0.0",
                "use-subscription": "1.5.1"
            }
        },
        "object-assign": {
            "version": "4.1.1",
            "resolved": "https://registry.npmjs.org/object-assign/-/object-assign-4.1.1.tgz",
            "integrity": "sha1-IQmtx5ZYh8/AXLvUQsrIv7s2CGM="
        },
        "picocolors": {
            "version": "1.0.0",
            "resolved": "https://registry.npmjs.org/picocolors/-/picocolors-1.0.0.tgz",
            "integrity": "sha512-1fygroTLlHu66zi26VoTDv8yRgm0Fccecssto+MhsZ0D/DGW2sm8E8AjW7NU5VVTRt5GxbeZ5qBuJr+HyLYkjQ=="
        },
        "polygon-offset": {
            "version": "0.3.1",
            "resolved": "https://registry.npmjs.org/polygon-offset/-/polygon-offset-0.3.1.tgz",
            "integrity": "sha1-aaZWXwsn+na1Jw1cB5sLosjwu6M=",
            "requires": {
                "martinez-polygon-clipping": "^0.1.5"
            }
        },
        "postcss": {
            "version": "8.4.5",
            "resolved": "https://registry.npmjs.org/postcss/-/postcss-8.4.5.tgz",
            "integrity": "sha512-jBDboWM8qpaqwkMwItqTQTiFikhs/67OYVvblFFTM7MrZjt6yMKd6r2kgXizEbTTljacm4NldIlZnhbjr84QYg==",
            "requires": {
                "nanoid": "^3.1.30",
                "picocolors": "^1.0.0",
                "source-map-js": "^1.0.1"
            }
        },
        "promise": {
            "version": "8.0.1",
            "resolved": "https://registry.npmjs.org/promise/-/promise-8.0.1.tgz",
            "integrity": "sha1-5F1osAoXZHttpxG/he1u1HII9FA=",
            "requires": {
                "asap": "~2.0.3"
            }
        },
        "prop-types": {
            "version": "15.7.2",
            "resolved": "https://registry.npmjs.org/prop-types/-/prop-types-15.7.2.tgz",
            "integrity": "sha512-8QQikdH7//R2vurIJSutZ1smHYTcLpRWEOlHnzcWHmBYrOGUysKwSsrC89BCiFj3CbrfJ/nXFdJepOVrY1GCHQ==",
            "requires": {
                "loose-envify": "^1.4.0",
                "object-assign": "^4.1.1",
                "react-is": "^16.8.1"
            }
        },
        "react": {
            "version": "16.13.1",
            "resolved": "https://registry.npmjs.org/react/-/react-16.13.1.tgz",
            "integrity": "sha512-YMZQQq32xHLX0bz5Mnibv1/LHb3Sqzngu7xstSM+vrkE5Kzr9xE0yMByK5kMoTK30YVJE61WfbxIFFvfeDKT1w==",
            "requires": {
                "loose-envify": "^1.1.0",
                "object-assign": "^4.1.1",
                "prop-types": "^15.6.2"
            }
        },
        "react-dom": {
            "version": "16.13.1",
            "resolved": "https://registry.npmjs.org/react-dom/-/react-dom-16.13.1.tgz",
            "integrity": "sha512-81PIMmVLnCNLO/fFOQxdQkvEq/+Hfpv24XNJfpyZhTRfO0QcmQIF/PgCa1zCOj2w1hrn12MFLyaJ/G0+Mxtfag==",
            "requires": {
                "loose-envify": "^1.1.0",
                "object-assign": "^4.1.1",
                "prop-types": "^15.6.2",
                "scheduler": "^0.19.1"
            }
        },
        "react-is": {
            "version": "16.13.1",
            "resolved": "https://registry.npmjs.org/react-is/-/react-is-16.13.1.tgz",
            "integrity": "sha512-24e6ynE2H+OKt4kqsOvNd8kBpV65zoxbA4BVsEOB3ARVWQki/DHzaUoC5KuON/BiccDaCCTZBuOcfZs70kR8bQ=="
        },
        "regression": {
            "version": "2.0.1",
            "resolved": "https://registry.npmjs.org/regression/-/regression-2.0.1.tgz",
            "integrity": "sha1-jSnD6CJKEIUMNeM36FqLL6w7DIc="
        },
        "roughjs-es5": {
            "version": "0.1.0",
            "resolved": "https://registry.npmjs.org/roughjs-es5/-/roughjs-es5-0.1.0.tgz",
            "integrity": "sha512-NMjzoBgSYk8qEYLSxzxytS20sfdQV7zg119FZjFDjIDwaqodFcf7QwzKbqM64VeAYF61qogaPLk3cs8Gb+TqZA==",
            "requires": {
                "babel-runtime": "^6.26.0"
            }
        },
        "safer-buffer": {
            "version": "2.1.2",
            "resolved": "https://registry.npmjs.org/safer-buffer/-/safer-buffer-2.1.2.tgz",
            "integrity": "sha512-YZo3K82SD7Riyi0E1EQPojLz7kpepnSQI9IyPbHHg1XXXevb5dJI7tpyN2ADxGcQbHG7vcyRHk0cbwqcQriUtg=="
        },
        "scheduler": {
            "version": "0.19.1",
            "resolved": "https://registry.npmjs.org/scheduler/-/scheduler-0.19.1.tgz",
            "integrity": "sha512-n/zwRWRYSUj0/3g/otKDRPMh6qv2SYMWNq85IEa8iZyAv8od9zDYpGSnpBEjNgcMNq6Scbu5KfIPxNF72R/2EA==",
            "requires": {
                "loose-envify": "^1.1.0",
                "object-assign": "^4.1.1"
            }
        },
        "semiotic": {
            "version": "1.20.5",
            "resolved": "https://registry.npmjs.org/semiotic/-/semiotic-1.20.5.tgz",
            "integrity": "sha512-ltPOHshajXkCZlXoPRpfdNfKYgCMC0giT4w31Plf+ifxRW3Kov+oAhPGMf/rXOiOuRXUKv8+y+clgfXC5papmA==",
            "requires": {
                "@mapbox/polylabel": "1",
                "d3-array": "^1.2.0",
                "d3-bboxCollide": "^1.0.3",
                "d3-brush": "^1.0.6",
                "d3-chord": "^1.0.4",
                "d3-collection": "^1.0.1",
                "d3-contour": "^1.1.1",
                "d3-force": "^1.0.2",
                "d3-glyphedge": "^1.2.0",
                "d3-hexbin": "^0.2.2",
                "d3-hierarchy": "^1.1.3",
                "d3-interpolate": "^1.1.5",
                "d3-polygon": "^1.0.5",
                "d3-sankey-circular": "0.25.0",
                "d3-scale": "^1.0.3",
                "d3-selection": "^1.1.0",
                "d3-shape": "^1.2.0",
                "d3-voronoi": "^1.0.2",
                "json2csv": "^4.5.1",
                "labella": "1.1.4",
                "memoize-one": "4.0.0",
                "object-assign": "4.1.1",
                "polygon-offset": "0.3.1",
                "promise": "8.0.1",
                "prop-types": "15.6.0",
                "react-annotation": "^2.1.6",
                "regression": "^2.0.1",
                "roughjs-es5": "0.1.0",
                "semiotic-mark": "0.3.1",
                "svg-path-bounding-box": "1.0.4"
            },
            "dependencies": {
                "fbjs": {
                    "version": "0.8.17",
                    "resolved": "https://registry.npmjs.org/fbjs/-/fbjs-0.8.17.tgz",
                    "integrity": "sha1-xNWY6taUkRJlPWWIsBpc3Nn5D90=",
                    "requires": {
                        "core-js": "^1.0.0",
                        "isomorphic-fetch": "^2.1.1",
                        "loose-envify": "^1.0.0",
                        "object-assign": "^4.1.0",
                        "promise": "^7.1.1",
                        "setimmediate": "^1.0.5",
                        "ua-parser-js": "^0.7.18"
                    },
                    "dependencies": {
                        "promise": {
                            "version": "7.3.1",
                            "resolved": "https://registry.npmjs.org/promise/-/promise-7.3.1.tgz",
                            "integrity": "sha512-nolQXZ/4L+bP/UGlkfaIujX9BKxGwmQ9OT4mOt5yvy8iK1h3wqTEJCijzGANTCCl9nWjY41juyAn2K3Q1hLLTg==",
                            "requires": {
                                "asap": "~2.0.3"
                            }
                        }
                    }
                },
                "prop-types": {
                    "version": "15.6.0",
                    "resolved": "https://registry.npmjs.org/prop-types/-/prop-types-15.6.0.tgz",
                    "integrity": "sha1-zq8IMCL8RrSjX2nhPvda7Q1jmFY=",
                    "requires": {
                        "fbjs": "^0.8.16",
                        "loose-envify": "^1.3.1",
                        "object-assign": "^4.1.1"
                    }
                },
                "react-annotation": {
                    "version": "2.2.1",
                    "resolved": "https://registry.npmjs.org/react-annotation/-/react-annotation-2.2.1.tgz",
                    "integrity": "sha512-r+NQfhe9hUDGNo9Th73CLzQGQjCYO7h1w9r4uQygVIhmgd31q8r85dk3BgQJZkhPkb+A/ezf85NGdvIpYZ33Xw==",
                    "requires": {
                        "prop-types": "15.6.2",
                        "viz-annotation": "0.0.5"
                    },
                    "dependencies": {
                        "prop-types": {
                            "version": "15.6.2",
                            "resolved": "https://registry.npmjs.org/prop-types/-/prop-types-15.6.2.tgz",
                            "integrity": "sha512-3pboPvLiWD7dkI3qf3KbUe6hKFKa52w+AE0VCqECtf+QHAKgOL37tTaNCnuX1nAAQ4ZhyP+kYVKf8rLmJ/feDQ==",
                            "requires": {
                                "loose-envify": "^1.3.1",
                                "object-assign": "^4.1.1"
                            }
                        }
                    }
                }
            }
        },
        "semiotic-mark": {
            "version": "0.3.1",
            "resolved": "https://registry.npmjs.org/semiotic-mark/-/semiotic-mark-0.3.1.tgz",
            "integrity": "sha512-j7CsNannyJi68Yg5DXDZJrw3wEssBTaeGEvGMaTqPuBlM1kPFXYWvS0dpRzsT/Yopn/kRRyooDR+l6zQCwV+EQ==",
            "requires": {
                "d3-interpolate": "^1.1.5",
                "d3-scale": "^1.0.3",
                "d3-selection": "^1.1.0",
                "d3-shape": "^1.2.0",
                "d3-transition": "^1.0.3",
                "prop-types": "^15.6.0",
                "roughjs-es5": "0.1.0"
            }
        },
        "setimmediate": {
            "version": "1.0.5",
            "resolved": "https://registry.npmjs.org/setimmediate/-/setimmediate-1.0.5.tgz",
            "integrity": "sha1-KQy7Iy4waULX1+qbg3Mqt4VvgoU="
        },
        "source-map-js": {
            "version": "1.0.2",
            "resolved": "https://registry.npmjs.org/source-map-js/-/source-map-js-1.0.2.tgz",
            "integrity": "sha512-R0XvVJ9WusLiqTCEiGCmICCMplcCkIwwR11mOSD9CR5u+IXYdiseeEuXCVAjS54zqwkLcPNnmU4OeJ6tUrWhDw=="
        },
        "styled-jsx": {
            "version": "5.0.0",
            "resolved": "https://registry.npmjs.org/styled-jsx/-/styled-jsx-5.0.0.tgz",
            "integrity": "sha512-qUqsWoBquEdERe10EW8vLp3jT25s/ssG1/qX5gZ4wu15OZpmSMFI2v+fWlRhLfykA5rFtlJ1ME8A8pm/peV4WA=="
        },
        "svg-path-bounding-box": {
            "version": "1.0.4",
            "resolved": "https://registry.npmjs.org/svg-path-bounding-box/-/svg-path-bounding-box-1.0.4.tgz",
            "integrity": "sha1-7XPfODyLR4abZQjwWPV0j4gzwHA=",
            "requires": {
                "svgpath": "^2.0.0"
            }
        },
        "svgpath": {
            "version": "2.3.0",
            "resolved": "https://registry.npmjs.org/svgpath/-/svgpath-2.3.0.tgz",
            "integrity": "sha512-N/4UDu3Y2ICik0daMmFW1tplw0XPs1nVIEVYkTiQfj9/JQZeEtAKaSYwheCwje1I4pQ5r22fGpoaNIvGgsyJyg=="
        },
        "tinyqueue": {
            "version": "1.2.3",
            "resolved": "https://registry.npmjs.org/tinyqueue/-/tinyqueue-1.2.3.tgz",
            "integrity": "sha512-Qz9RgWuO9l8lT+Y9xvbzhPT2efIUIFd69N7eF7tJ9lnQl0iLj1M7peK7IoUGZL9DJHw9XftqLreccfxcQgYLxA=="
        },
        "ua-parser-js": {
            "version": "0.7.22",
            "resolved": "https://registry.npmjs.org/ua-parser-js/-/ua-parser-js-0.7.22.tgz",
            "integrity": "sha512-YUxzMjJ5T71w6a8WWVcMGM6YWOTX27rCoIQgLXiWaxqXSx9D7DNjiGWn1aJIRSQ5qr0xuhra77bSIh6voR/46Q=="
        },
        "use-subscription": {
            "version": "1.5.1",
            "resolved": "https://registry.npmjs.org/use-subscription/-/use-subscription-1.5.1.tgz",
            "integrity": "sha512-Xv2a1P/yReAjAbhylMfFplFKj9GssgTwN7RlcTxBujFQcloStWNDQdc4g4NRWH9xS4i/FDk04vQBptAXoF3VcA==",
            "requires": {
                "object-assign": "^4.1.1"
            }
        },
        "viz-annotation": {
            "version": "0.0.5",
            "resolved": "https://registry.npmjs.org/viz-annotation/-/viz-annotation-0.0.5.tgz",
            "integrity": "sha512-2l65EVx7AgGGNJQRxYdqScmpZiA5+OvwvcfGEaPZA0SBaQJfJd3dh0CR5fTcgBQoylTopFEMqEcjVEutW0CG6A==",
            "requires": {
                "d3-shape": "~1.0.4"
            },
            "dependencies": {
                "d3-shape": {
                    "version": "1.0.6",
                    "resolved": "https://registry.npmjs.org/d3-shape/-/d3-shape-1.0.6.tgz",
                    "integrity": "sha1-sJ4wXPDHxrmpjJDmtC9i2sS8/Vs=",
                    "requires": {
                        "d3-path": "1"
                    }
                }
            }
        },
        "whatwg-fetch": {
            "version": "3.0.0",
            "resolved": "https://registry.npmjs.org/whatwg-fetch/-/whatwg-fetch-3.0.0.tgz",
            "integrity": "sha512-9GSJUgz1D4MfyKU7KRqwOjXCXTqWdFNvEr7eUBYchQiVc744mqK/MzXPNR2WsPkmkOa4ywfg8C2n8h+13Bey1Q=="
        }
    }
}
