# THIS IS AN AUTOGENERATED FILE. DO NOT EDIT THIS FILE DIRECTLY.
# yarn lockfile v1


"@mapbox/polylabel@1":
  version "1.0.2"
  resolved "https://registry.yarnpkg.com/@mapbox/polylabel/-/polylabel-1.0.2.tgz#c5714619b65add082638ea06027e69b14500efa6"
  integrity sha1-xXFGGbZa3QgmOOoGAn5psUUA76Y=
  dependencies:
    tinyqueue "^1.1.0"

"@next/env@13.0.3":
  version "13.0.3"
  resolved "https://registry.yarnpkg.com/@next/env/-/env-13.0.3.tgz#f2ecec9a6634aed28dca9e7b79bd65d9c516a1b4"
  integrity sha512-/4WzeG61Ot/PxsghXkSqQJ6UohFfwXoZ3dtsypmR9EBP+OIax9JRq0trq8Z/LCT9Aq4JbihVkaazRWguORjTAw==

"@next/swc-android-arm-eabi@13.0.3":
  version "13.0.3"
  resolved "https://registry.yarnpkg.com/@next/swc-android-arm-eabi/-/swc-android-arm-eabi-13.0.3.tgz#87ce3b7d81ec198f5360f4393e5e03f112758696"
  integrity sha512-uxfUoj65CdFc1gX2q7GtBX3DhKv9Kn343LMqGNvXyuTpYTGMmIiVY7b9yF8oLWRV0gVKqhZBZifUmoPE8SJU6Q==

"@next/swc-android-arm64@13.0.3":
  version "13.0.3"
  resolved "https://registry.yarnpkg.com/@next/swc-android-arm64/-/swc-android-arm64-13.0.3.tgz#2029f759cb3e85082da15ced94704a68e390a0e9"
  integrity sha512-t2k+WDfg7Cq2z/EnalKGsd/9E5F4Hdo1xu+UzZXYDpKUI9zgE6Bz8ajQb8m8txv3qOaWdKuDa5j5ziq9Acd1Xw==

"@next/swc-darwin-arm64@13.0.3":
  version "13.0.3"
  resolved "https://registry.yarnpkg.com/@next/swc-darwin-arm64/-/swc-darwin-arm64-13.0.3.tgz#f5deafd3feccf7c24b81df9a6a06d4d13bec254f"
  integrity sha512-wV6j6SZ1bc/YHOLCLk9JVqaZTCCey6HBV7inl2DriHsHqIcO6F3+QiYf0KXwRP9BE0GSZZrYd5mZQm2JPTHdJA==

"@next/swc-darwin-x64@13.0.3":
  version "13.0.3"
  resolved "https://registry.yarnpkg.com/@next/swc-darwin-x64/-/swc-darwin-x64-13.0.3.tgz#4d4321c02b88fdd052e7a0cc8b3719ac16f8ad4b"
  integrity sha512-jaI2CMuYWvUtRixV3AIjUhnxUDU1FKOR+8hADMhYt3Yz+pCKuj4RZ0n0nY5qUf3qT1AtvnJXEgyatSFJhSp/wQ==

"@next/swc-freebsd-x64@13.0.3":
  version "13.0.3"
  resolved "https://registry.yarnpkg.com/@next/swc-freebsd-x64/-/swc-freebsd-x64-13.0.3.tgz#f2cbac9dc03172ef94275a6380cdd4d08024fcd4"
  integrity sha512-nbyT0toBTJrcj5TCB9pVnQpGJ3utGyQj4CWegZs1ulaeUQ5Z7CS/qt8nRyYyOKYHtOdSCJ9Nw5F/RgKNkdpOdw==

"@next/swc-linux-arm-gnueabihf@13.0.3":
  version "13.0.3"
  resolved "https://registry.yarnpkg.com/@next/swc-linux-arm-gnueabihf/-/swc-linux-arm-gnueabihf-13.0.3.tgz#1b12006a25518ddc6ee9c58852149f82639876cf"
  integrity sha512-1naLxYvRUQCoFCU1nMkcQueRc0Iux9xBv1L5pzH2ejtIWFg8BrSgyuluJG4nyAhFCx4WG863IEIkAaefOowVdA==

"@next/swc-linux-arm64-gnu@13.0.3":
  version "13.0.3"
  resolved "https://registry.yarnpkg.com/@next/swc-linux-arm64-gnu/-/swc-linux-arm64-gnu-13.0.3.tgz#f44a34fc073b91ad2ab7dd757c063e764e642ddc"
  integrity sha512-3Z4A8JkuGWpMVbUhUPQInK/SLY+kijTT78Q/NZCrhLlyvwrVxaQALJNlXzxDLraUgv4oVH0Wz/FIw1W9PUUhxA==

"@next/swc-linux-arm64-musl@13.0.3":
  version "13.0.3"
  resolved "https://registry.yarnpkg.com/@next/swc-linux-arm64-musl/-/swc-linux-arm64-musl-13.0.3.tgz#5fd31e1149f151393b98239b5a6a96316459d19a"
  integrity sha512-MoYe9SM40UaunTjC+01c9OILLH3uSoeri58kDMu3KF/EFEvn1LZ6ODeDj+SLGlAc95wn46hrRJS2BPmDDE+jFQ==

"@next/swc-linux-x64-gnu@13.0.3":
  version "13.0.3"
  resolved "https://registry.yarnpkg.com/@next/swc-linux-x64-gnu/-/swc-linux-x64-gnu-13.0.3.tgz#a9b414123f26912fc830e5a65dd02e1ca56e2ead"
  integrity sha512-z22T5WGnRanjLMXdF0NaNjSpBlEzzY43t5Ysp3nW1oI6gOkub6WdQNZeHIY7A2JwkgSWZmtjLtf+Fzzz38LHeQ==

"@next/swc-linux-x64-musl@13.0.3":
  version "13.0.3"
  resolved "https://registry.yarnpkg.com/@next/swc-linux-x64-musl/-/swc-linux-x64-musl-13.0.3.tgz#113f896de5e818ab40e6ec046538203cdd07dab0"
  integrity sha512-ZOMT7zjBFmkusAtr47k8xs/oTLsNlTH6xvYb+iux7yly2hZGwhfBLzPGBsbeMZukZ96IphJTagT+C033s6LNVA==

"@next/swc-win32-arm64-msvc@13.0.3":
  version "13.0.3"
  resolved "https://registry.yarnpkg.com/@next/swc-win32-arm64-msvc/-/swc-win32-arm64-msvc-13.0.3.tgz#2ae5abe61f982a10f7742e97ac57f166751734aa"
  integrity sha512-Q4BM16Djl+Oah9UdGrvjFYgoftYB2jNd+rtRGPX5Mmxo09Ry/KiLbOZnoUyoIxKc1xPyfqMXuaVsAFQLYs0KEQ==

"@next/swc-win32-ia32-msvc@13.0.3":
  version "13.0.3"
  resolved "https://registry.yarnpkg.com/@next/swc-win32-ia32-msvc/-/swc-win32-ia32-msvc-13.0.3.tgz#1a9c0d36c7dab1620257e85ada702c5acd9875d6"
  integrity sha512-Sa8yGkNeRUsic8Qjf7MLIAfP0p0+einK/wIqJ8UO1y76j+8rRQu42AMs5H4Ax1fm9GEYq6I8njHtY59TVpTtGQ==

"@next/swc-win32-x64-msvc@13.0.3":
  version "13.0.3"
  resolved "https://registry.yarnpkg.com/@next/swc-win32-x64-msvc/-/swc-win32-x64-msvc-13.0.3.tgz#7db0adbea7b4aafdbe2a7745d2c7c048903876ad"
  integrity sha512-IAptmSqA7k4tQzaw2NAkoEjj3+Dz9ceuvlEHwYh770MMDL4V0ku2m+UHrmn5HUCEDHhgwwjg2nyf6728q2jr1w==

"@swc/helpers@0.4.11":
  version "0.4.11"
  resolved "https://registry.yarnpkg.com/@swc/helpers/-/helpers-0.4.11.tgz#db23a376761b3d31c26502122f349a21b592c8de"
  integrity sha512-rEUrBSGIoSFuYxwBYtlUFMlE2CwGhmW+w9355/5oduSw8e5h2+Tj4UrAGNNgP9915++wj5vkQo0UuOBqOAq4nw==
  dependencies:
    tslib "^2.4.0"

asap@~2.0.3:
  version "2.0.6"
  resolved "https://registry.yarnpkg.com/asap/-/asap-2.0.6.tgz#e50347611d7e690943208bbdafebcbc2fb866d46"
  integrity sha1-5QNHYR1+aQlDIIu9r+vLwvuGbUY=

babel-runtime@^6.26.0:
  version "6.26.0"
  resolved "https://registry.yarnpkg.com/babel-runtime/-/babel-runtime-6.26.0.tgz#965c7058668e82b55d7bfe04ff2337bc8b5647fe"
  integrity sha1-llxwWGaOgrVde/4E/yM3vItWR/4=
  dependencies:
    core-js "^2.4.0"
    regenerator-runtime "^0.11.0"

bintrees@^1.0.1:
  version "1.0.2"
  resolved "https://registry.yarnpkg.com/bintrees/-/bintrees-1.0.2.tgz#49f896d6e858a4a499df85c38fb399b9aff840f8"
  integrity sha1-SfiW1uhYpKSZ34XDj7OZua/4QPg=

caniuse-lite@^1.0.30001406:
  version "1.0.30001431"
  resolved "https://registry.yarnpkg.com/caniuse-lite/-/caniuse-lite-1.0.30001431.tgz#e7c59bd1bc518fae03a4656be442ce6c4887a795"
  integrity sha512-zBUoFU0ZcxpvSt9IU66dXVT/3ctO1cy4y9cscs1szkPlcWb6pasYM144GqrUygUbT+k7cmUCW61cvskjcv0enQ==

client-only@0.0.1:
  version "0.0.1"
  resolved "https://registry.yarnpkg.com/client-only/-/client-only-0.0.1.tgz#38bba5d403c41ab150bff64a95c85013cf73bca1"
  integrity sha512-IV3Ou0jSMzZrd3pZ48nLkT9DA7Ag1pnPzaiQhpW7c3RbcqqzvzzVu+L8gfqMp/8IM2MQtSiqaCxrrcfu8I8rMA==

commander@^2.15.1:
  version "2.20.3"
  resolved "https://registry.yarnpkg.com/commander/-/commander-2.20.3.tgz#fd485e84c03eb4881c20722ba48035e8531aeb33"
  integrity sha512-GpVkmM8vF2vQUkj2LvZmD35JxeJOLCwJ9cUkugyk2nuhbv3+mJvpLYYt+0+USMxE+oj+ey/lJEnhZw75x/OMcQ==

core-js@^1.0.0:
  version "1.2.7"
  resolved "https://registry.yarnpkg.com/core-js/-/core-js-1.2.7.tgz#652294c14651db28fa93bd2d5ff2983a4f08c636"
  integrity sha1-ZSKUwUZR2yj6k70tX/KYOk8IxjY=

core-js@^2.4.0:
  version "2.6.11"
  resolved "https://registry.yarnpkg.com/core-js/-/core-js-2.6.11.tgz#38831469f9922bded8ee21c9dc46985e0399308c"
  integrity sha512-5wjnpaT/3dV+XB4borEsnAYQchn00XSgTAWKDkEqv+K8KevjbzmofK6hfJ9TZIlpj2N0xQpazy7PiRQiWHqzWg==

d3-array@1, d3-array@^1.1.1, d3-array@^1.2.0, d3-array@^1.2.1:
  version "1.2.4"
  resolved "https://registry.yarnpkg.com/d3-array/-/d3-array-1.2.4.tgz#635ce4d5eea759f6f605863dbcfc30edc737f71f"
  integrity sha512-KHW6M86R+FUPYGb3R5XiYjXPq7VzwxZ22buHhAEVG5ztoEcZZMLov530mmccaqA1GghZArjQV46fuc8kUqhhHw==

d3-bboxCollide@^1.0.3:
  version "1.0.4"
  resolved "https://registry.yarnpkg.com/d3-bboxCollide/-/d3-bboxCollide-1.0.4.tgz#817827fd41bb96d19035efbd0a561d1b83bb5f51"
  integrity sha512-Sc8FKGGeejlowLW1g/0WBrVcbd++SBRW4N8OuZhVeRAfwlTL96+75JKlFfHweYdYRui1zPabfNXZrNaphBjS+w==
  dependencies:
    d3-quadtree "1.0.1"

d3-brush@^1.0.6:
  version "1.1.5"
  resolved "https://registry.yarnpkg.com/d3-brush/-/d3-brush-1.1.5.tgz#066b8e84d17b192986030446c97c0fba7e1bacdc"
  integrity sha512-rEaJ5gHlgLxXugWjIkolTA0OyMvw8UWU1imYXy1v642XyyswmI1ybKOv05Ft+ewq+TFmdliD3VuK0pRp1VT/5A==
  dependencies:
    d3-dispatch "1"
    d3-drag "1"
    d3-interpolate "1"
    d3-selection "1"
    d3-transition "1"

d3-chord@^1.0.4:
  version "1.0.6"
  resolved "https://registry.yarnpkg.com/d3-chord/-/d3-chord-1.0.6.tgz#309157e3f2db2c752f0280fedd35f2067ccbb15f"
  integrity sha512-JXA2Dro1Fxw9rJe33Uv+Ckr5IrAa74TlfDEhE/jfLOaXegMQFQTAgAw9WnZL8+HxVBRXaRGCkrNU7pJeylRIuA==
  dependencies:
    d3-array "1"
    d3-path "1"

d3-collection@1, d3-collection@^1.0.1, d3-collection@^1.0.4:
  version "1.0.7"
  resolved "https://registry.yarnpkg.com/d3-collection/-/d3-collection-1.0.7.tgz#349bd2aa9977db071091c13144d5e4f16b5b310e"
  integrity sha512-ii0/r5f4sjKNTfh84Di+DpztYwqKhEyUlKoPrzUFfeSkWxjW49xU2QzO9qrPrNkpdI0XJkfzvmTu8V2Zylln6A==

d3-color@1:
  version "1.4.1"
  resolved "https://registry.yarnpkg.com/d3-color/-/d3-color-1.4.1.tgz#c52002bf8846ada4424d55d97982fef26eb3bc8a"
  integrity sha512-p2sTHSLCJI2QKunbGb7ocOh7DgTAn8IrLx21QRc/BSnodXM4sv6aLQlnfpvehFMLZEfBc6g9pH9SWQccFYfJ9Q==

d3-contour@^1.1.1:
  version "1.3.2"
  resolved "https://registry.yarnpkg.com/d3-contour/-/d3-contour-1.3.2.tgz#652aacd500d2264cb3423cee10db69f6f59bead3"
  integrity sha512-hoPp4K/rJCu0ladiH6zmJUEz6+u3lgR+GSm/QdM2BBvDraU39Vr7YdDCicJcxP1z8i9B/2dJLgDC1NcvlF8WCg==
  dependencies:
    d3-array "^1.1.1"

d3-dispatch@1:
  version "1.0.6"
  resolved "https://registry.yarnpkg.com/d3-dispatch/-/d3-dispatch-1.0.6.tgz#00d37bcee4dd8cd97729dd893a0ac29caaba5d58"
  integrity sha512-fVjoElzjhCEy+Hbn8KygnmMS7Or0a9sI2UzGwoB7cCtvI1XpVN9GpoYlnb3xt2YV66oXYb1fLJ8GMvP4hdU1RA==

d3-drag@1:
  version "1.2.5"
  resolved "https://registry.yarnpkg.com/d3-drag/-/d3-drag-1.2.5.tgz#2537f451acd39d31406677b7dc77c82f7d988f70"
  integrity sha512-rD1ohlkKQwMZYkQlYVCrSFxsWPzI97+W+PaEIBNTMxRuxz9RF0Hi5nJWHGVJ3Om9d2fRTe1yOBINJyy/ahV95w==
  dependencies:
    d3-dispatch "1"
    d3-selection "1"

d3-ease@1:
  version "1.0.6"
  resolved "https://registry.yarnpkg.com/d3-ease/-/d3-ease-1.0.6.tgz#ebdb6da22dfac0a22222f2d4da06f66c416a0ec0"
  integrity sha512-SZ/lVU7LRXafqp7XtIcBdxnWl8yyLpgOmzAk0mWBI9gXNzLDx5ybZgnRbH9dN/yY5tzVBqCQ9avltSnqVwessQ==

d3-force@^1.0.2:
  version "1.2.1"
  resolved "https://registry.yarnpkg.com/d3-force/-/d3-force-1.2.1.tgz#fd29a5d1ff181c9e7f0669e4bd72bdb0e914ec0b"
  integrity sha512-HHvehyaiUlVo5CxBJ0yF/xny4xoaxFxDnBXNvNcfW9adORGZfyNF1dj6DGLKyk4Yh3brP/1h3rnDzdIAwL08zg==
  dependencies:
    d3-collection "1"
    d3-dispatch "1"
    d3-quadtree "1"
    d3-timer "1"

d3-format@1:
  version "1.4.4"
  resolved "https://registry.yarnpkg.com/d3-format/-/d3-format-1.4.4.tgz#356925f28d0fd7c7983bfad593726fce46844030"
  integrity sha512-TWks25e7t8/cqctxCmxpUuzZN11QxIA7YrMbram94zMQ0PXjE4LVIMe/f6a4+xxL8HQ3OsAFULOINQi1pE62Aw==

d3-glyphedge@^1.2.0:
  version "1.2.0"
  resolved "https://registry.yarnpkg.com/d3-glyphedge/-/d3-glyphedge-1.2.0.tgz#295367d8405f83cdbe8319171bb1f6636c60f85b"
  integrity sha512-F49fyMXMLYDHvqvxSmuGZrtIWeWLZWxar82WL1CJDBDPk4z6GUGSG4wX7rdv7N7R/YazAyMMnpOL0YQcmTLlOQ==

d3-hexbin@^0.2.2:
  version "0.2.2"
  resolved "https://registry.yarnpkg.com/d3-hexbin/-/d3-hexbin-0.2.2.tgz#9c5837dacfd471ab05337a9e91ef10bfc4f98831"
  integrity sha1-nFg32s/UcasFM3qeke8Qv8T5iDE=

d3-hierarchy@^1.1.3:
  version "1.1.9"
  resolved "https://registry.yarnpkg.com/d3-hierarchy/-/d3-hierarchy-1.1.9.tgz#2f6bee24caaea43f8dc37545fa01628559647a83"
  integrity sha512-j8tPxlqh1srJHAtxfvOUwKNYJkQuBFdM1+JAUfq6xqH5eAqf93L7oG1NVqDa4CpFZNvnNKtCYEUC8KY9yEn9lQ==

d3-interpolate@1, d3-interpolate@^1.1.5:
  version "1.4.0"
  resolved "https://registry.yarnpkg.com/d3-interpolate/-/d3-interpolate-1.4.0.tgz#526e79e2d80daa383f9e0c1c1c7dcc0f0583e987"
  integrity sha512-V9znK0zc3jOPV4VD2zZn0sDhZU3WAE2bmlxdIwwQPPzPjvyLkd8B3JUVdS1IDUFDkWZ72c9qnv1GK2ZagTZ8EA==
  dependencies:
    d3-color "1"

d3-path@1:
  version "1.0.9"
  resolved "https://registry.yarnpkg.com/d3-path/-/d3-path-1.0.9.tgz#48c050bb1fe8c262493a8caf5524e3e9591701cf"
  integrity sha512-VLaYcn81dtHVTjEHd8B+pbe9yHWpXKZUC87PzoFmsFrJqgFwDe/qxfp5MlfsfM1V5E/iVt0MmEbWQ7FVIXh/bg==

d3-polygon@^1.0.5:
  version "1.0.6"
  resolved "https://registry.yarnpkg.com/d3-polygon/-/d3-polygon-1.0.6.tgz#0bf8cb8180a6dc107f518ddf7975e12abbfbd38e"
  integrity sha512-k+RF7WvI08PC8reEoXa/w2nSg5AUMTi+peBD9cmFc+0ixHfbs4QmxxkarVal1IkVkgxVuk9JSHhJURHiyHKAuQ==

d3-quadtree@1:
  version "1.0.7"
  resolved "https://registry.yarnpkg.com/d3-quadtree/-/d3-quadtree-1.0.7.tgz#ca8b84df7bb53763fe3c2f24bd435137f4e53135"
  integrity sha512-RKPAeXnkC59IDGD0Wu5mANy0Q2V28L+fNe65pOCXVdVuTJS3WPKaJlFHer32Rbh9gIo9qMuJXio8ra4+YmIymA==

d3-quadtree@1.0.1:
  version "1.0.1"
  resolved "https://registry.yarnpkg.com/d3-quadtree/-/d3-quadtree-1.0.1.tgz#13be025624f110405ed43536c506aaec199ed591"
  integrity sha1-E74CViTxEEBe1DU2xQaq7Bme1ZE=

d3-sankey-circular@0.25.0:
  version "0.25.0"
  resolved "https://registry.yarnpkg.com/d3-sankey-circular/-/d3-sankey-circular-0.25.0.tgz#9c31be18e507862fe0c9c4b80ed509c965a8f15e"
  integrity sha512-maYak22afBAvmybeaopd1cVUNTIroEHhWCmh19gEQ+qgOhBkTav8YeP3Uw4OV/K4OksWaQrhhBOE4Rcxgc2JbQ==
  dependencies:
    d3-array "^1.2.1"
    d3-collection "^1.0.4"
    d3-shape "^1.2.0"

d3-scale@^1.0.3:
  version "1.0.7"
  resolved "https://registry.yarnpkg.com/d3-scale/-/d3-scale-1.0.7.tgz#fa90324b3ea8a776422bd0472afab0b252a0945d"
  integrity sha512-KvU92czp2/qse5tUfGms6Kjig0AhHOwkzXG0+PqIJB3ke0WUv088AHMZI0OssO9NCkXt4RP8yju9rpH8aGB7Lw==
  dependencies:
    d3-array "^1.2.0"
    d3-collection "1"
    d3-color "1"
    d3-format "1"
    d3-interpolate "1"
    d3-time "1"
    d3-time-format "2"

d3-selection@1, d3-selection@^1.1.0:
  version "1.4.2"
  resolved "https://registry.yarnpkg.com/d3-selection/-/d3-selection-1.4.2.tgz#dcaa49522c0dbf32d6c1858afc26b6094555bc5c"
  integrity sha512-SJ0BqYihzOjDnnlfyeHT0e30k0K1+5sR3d5fNueCNeuhZTnGw4M4o8mqJchSwgKMXCNFo+e2VTChiSJ0vYtXkg==

d3-shape@^1.2.0:
  version "1.3.7"
  resolved "https://registry.yarnpkg.com/d3-shape/-/d3-shape-1.3.7.tgz#df63801be07bc986bc54f63789b4fe502992b5d7"
  integrity sha512-EUkvKjqPFUAZyOlhY5gzCxCeI0Aep04LwIRpsZ/mLFelJiUfnK56jo5JMDSE7yyP2kLSb6LtF+S5chMk7uqPqw==
  dependencies:
    d3-path "1"

d3-shape@~1.0.4:
  version "1.0.6"
  resolved "https://registry.yarnpkg.com/d3-shape/-/d3-shape-1.0.6.tgz#b09e305cf0c7c6b9a98c90e6b42f62dac4bcfd5b"
  integrity sha1-sJ4wXPDHxrmpjJDmtC9i2sS8/Vs=
  dependencies:
    d3-path "1"

d3-time-format@2:
  version "2.2.3"
  resolved "https://registry.yarnpkg.com/d3-time-format/-/d3-time-format-2.2.3.tgz#0c9a12ee28342b2037e5ea1cf0b9eb4dd75f29cb"
  integrity sha512-RAHNnD8+XvC4Zc4d2A56Uw0yJoM7bsvOlJR33bclxq399Rak/b9bhvu/InjxdWhPtkgU53JJcleJTGkNRnN6IA==
  dependencies:
    d3-time "1"

d3-time@1:
  version "1.1.0"
  resolved "https://registry.yarnpkg.com/d3-time/-/d3-time-1.1.0.tgz#b1e19d307dae9c900b7e5b25ffc5dcc249a8a0f1"
  integrity sha512-Xh0isrZ5rPYYdqhAVk8VLnMEidhz5aP7htAADH6MfzgmmicPkTo8LhkLxci61/lCB7n7UmE3bN0leRt+qvkLxA==

d3-timer@1:
  version "1.0.10"
  resolved "https://registry.yarnpkg.com/d3-timer/-/d3-timer-1.0.10.tgz#dfe76b8a91748831b13b6d9c793ffbd508dd9de5"
  integrity sha512-B1JDm0XDaQC+uvo4DT79H0XmBskgS3l6Ve+1SBCfxgmtIb1AVrPIoqd+nPSv+loMX8szQ0sVUhGngL7D5QPiXw==

d3-transition@1, d3-transition@^1.0.3:
  version "1.3.2"
  resolved "https://registry.yarnpkg.com/d3-transition/-/d3-transition-1.3.2.tgz#a98ef2151be8d8600543434c1ca80140ae23b398"
  integrity sha512-sc0gRU4PFqZ47lPVHloMn9tlPcv8jxgOQg+0zjhfZXMQuvppjG6YuwdMBE0TuqCZjeJkLecku/l9R0JPcRhaDA==
  dependencies:
    d3-color "1"
    d3-dispatch "1"
    d3-ease "1"
    d3-interpolate "1"
    d3-selection "^1.1.0"
    d3-timer "1"

d3-voronoi@^1.0.2:
  version "1.1.4"
  resolved "https://registry.yarnpkg.com/d3-voronoi/-/d3-voronoi-1.1.4.tgz#dd3c78d7653d2bb359284ae478645d95944c8297"
  integrity sha512-dArJ32hchFsrQ8uMiTBLq256MpnZjeuBtdHpaDlYuQyjU0CVzCJl/BVW+SkszaAeH95D/8gxqAhgx0ouAWAfRg==

encoding@^0.1.11:
  version "0.1.13"
  resolved "https://registry.yarnpkg.com/encoding/-/encoding-0.1.13.tgz#56574afdd791f54a8e9b2785c0582a2d26210fa9"
  integrity sha512-ETBauow1T35Y/WZMkio9jiM0Z5xjHHmJ4XmjZOq1l/dXz3lr2sRn87nJy20RupqSh1F2m3HHPSp8ShIPQJrJ3A==
  dependencies:
    iconv-lite "^0.6.2"

fbjs@^0.8.16:
  version "0.8.17"
  resolved "https://registry.yarnpkg.com/fbjs/-/fbjs-0.8.17.tgz#c4d598ead6949112653d6588b01a5cdcd9f90fdd"
  integrity sha1-xNWY6taUkRJlPWWIsBpc3Nn5D90=
  dependencies:
    core-js "^1.0.0"
    isomorphic-fetch "^2.1.1"
    loose-envify "^1.0.0"
    object-assign "^4.1.0"
    promise "^7.1.1"
    setimmediate "^1.0.5"
    ua-parser-js "^0.7.18"

iconv-lite@^0.6.2:
  version "0.6.2"
  resolved "https://registry.yarnpkg.com/iconv-lite/-/iconv-lite-0.6.2.tgz#ce13d1875b0c3a674bd6a04b7f76b01b1b6ded01"
  integrity sha512-2y91h5OpQlolefMPmUlivelittSWy0rP+oYVpn6A7GwVHNE8AWzoYOBNmlwks3LobaJxgHCYZAnyNo2GgpNRNQ==
  dependencies:
    safer-buffer ">= 2.1.2 < 3.0.0"

is-stream@^1.0.1:
  version "1.1.0"
  resolved "https://registry.yarnpkg.com/is-stream/-/is-stream-1.1.0.tgz#12d4a3dd4e68e0b79ceb8dbc84173ae80d91ca44"
  integrity sha1-EtSj3U5o4Lec6428hBc66A2RykQ=

isomorphic-fetch@^2.1.1:
  version "2.2.1"
  resolved "https://registry.yarnpkg.com/isomorphic-fetch/-/isomorphic-fetch-2.2.1.tgz#611ae1acf14f5e81f729507472819fe9733558a9"
  integrity sha1-YRrhrPFPXoH3KVB0coGf6XM1WKk=
  dependencies:
    node-fetch "^1.0.1"
    whatwg-fetch ">=0.10.0"

"js-tokens@^3.0.0 || ^4.0.0":
  version "4.0.0"
  resolved "https://registry.yarnpkg.com/js-tokens/-/js-tokens-4.0.0.tgz#19203fb59991df98e3a287050d4647cdeaf32499"
  integrity sha512-RdJUflcE3cUzKiMqQgsCu06FPu9UdIJO0beYbPhHN4k6apgJtifcoCtT9bcxOpYBtpD2kCM6Sbzg4CausW/PKQ==

json2csv@^4.5.1:
  version "4.5.4"
  resolved "https://registry.yarnpkg.com/json2csv/-/json2csv-4.5.4.tgz#2b59c2869a137ec48cd2e243e0180466155f773f"
  integrity sha512-YxBhY4Lmn8IvVZ36nqg5omxneLy9JlorkqW1j/EDCeqvmi+CQ4uM+wsvXlcIqvGDewIPXMC/O/oF8DX9EH5aoA==
  dependencies:
    commander "^2.15.1"
    jsonparse "^1.3.1"
    lodash.get "^4.4.2"

jsonparse@^1.3.1:
  version "1.3.1"
  resolved "https://registry.yarnpkg.com/jsonparse/-/jsonparse-1.3.1.tgz#3f4dae4a91fac315f71062f8521cc239f1366280"
  integrity sha1-P02uSpH6wxX3EGL4UhzCOfE2YoA=

labella@1.1.4:
  version "1.1.4"
  resolved "https://registry.yarnpkg.com/labella/-/labella-1.1.4.tgz#c6cc5a340e8df340eb335633683ea59b828c322d"
  integrity sha1-xsxaNA6N80DrM1YzaD6lm4KMMi0=

lodash.get@^4.4.2:
  version "4.4.2"
  resolved "https://registry.yarnpkg.com/lodash.get/-/lodash.get-4.4.2.tgz#2d177f652fa31e939b4438d5341499dfa3825e99"
  integrity sha1-LRd/ZS+jHpObRDjVNBSZ36OCXpk=

loose-envify@^1.0.0, loose-envify@^1.1.0, loose-envify@^1.3.1, loose-envify@^1.4.0:
  version "1.4.0"
  resolved "https://registry.yarnpkg.com/loose-envify/-/loose-envify-1.4.0.tgz#71ee51fa7be4caec1a63839f7e682d8132d30caf"
  integrity sha512-lyuxPGr/Wfhrlem2CL/UcnUc1zcqKAImBDzukY7Y5F/yQiNdko6+fRLevlw1HgMySw7f611UIY408EtxRSoK3Q==
  dependencies:
    js-tokens "^3.0.0 || ^4.0.0"

martinez-polygon-clipping@^0.1.5:
  version "0.1.5"
  resolved "https://registry.yarnpkg.com/martinez-polygon-clipping/-/martinez-polygon-clipping-0.1.5.tgz#81ce3eb2867cd9188a20b90acf26f23fb4e8ee42"
  integrity sha1-gc4+soZ82RiKILkKzybyP7To7kI=
  dependencies:
    bintrees "^1.0.1"
    tinyqueue "^1.1.0"

memoize-one@4.0.0:
  version "4.0.0"
  resolved "https://registry.yarnpkg.com/memoize-one/-/memoize-one-4.0.0.tgz#fc5e2f1427a216676a62ec652cf7398cfad123db"
  integrity sha512-wdpOJ4XBejprGn/xhd1i2XR8Dv1A25FJeIvR7syQhQlz9eXsv+06llcvcmBxlWVGv4C73QBsWA8kxvZozzNwiQ==

nanoid@^3.3.4:
  version "3.3.4"
  resolved "https://registry.yarnpkg.com/nanoid/-/nanoid-3.3.4.tgz#730b67e3cd09e2deacf03c027c81c9d9dbc5e8ab"
  integrity sha512-MqBkQh/OHTS2egovRtLk45wEyNXwF+cokD+1YPf9u5VfJiRdAiRwB2froX5Co9Rh20xs4siNPm8naNotSD6RBw==

next@13.0.3:
  version "13.0.3"
  resolved "https://registry.yarnpkg.com/next/-/next-13.0.3.tgz#577e2f7cdd9c9dba79353cd57fd854fe7e506a44"
  integrity sha512-rFQeepcenRxKzeKlh1CsmEnxsJwhIERtbUjmYnKZyDInZsU06lvaGw5DT44rlNp1Rv2MT/e9vffZ8vK+ytwXHA==
  dependencies:
    "@next/env" "13.0.3"
    "@swc/helpers" "0.4.11"
    caniuse-lite "^1.0.30001406"
    postcss "8.4.14"
    styled-jsx "5.1.0"
    use-sync-external-store "1.2.0"
  optionalDependencies:
    "@next/swc-android-arm-eabi" "13.0.3"
    "@next/swc-android-arm64" "13.0.3"
    "@next/swc-darwin-arm64" "13.0.3"
    "@next/swc-darwin-x64" "13.0.3"
    "@next/swc-freebsd-x64" "13.0.3"
    "@next/swc-linux-arm-gnueabihf" "13.0.3"
    "@next/swc-linux-arm64-gnu" "13.0.3"
    "@next/swc-linux-arm64-musl" "13.0.3"
    "@next/swc-linux-x64-gnu" "13.0.3"
    "@next/swc-linux-x64-musl" "13.0.3"
    "@next/swc-win32-arm64-msvc" "13.0.3"
    "@next/swc-win32-ia32-msvc" "13.0.3"
    "@next/swc-win32-x64-msvc" "13.0.3"

node-fetch@^1.0.1:
  version "1.7.3"
  resolved "https://registry.yarnpkg.com/node-fetch/-/node-fetch-1.7.3.tgz#980f6f72d85211a5347c6b2bc18c5b84c3eb47ef"
  integrity sha512-NhZ4CsKx7cYm2vSrBAr2PvFOe6sWDf0UYLRqA6svUYg7+/TSfVAu49jYC4BvQ4Sms9SZgdqGBgroqfDhJdTyKQ==
  dependencies:
    encoding "^0.1.11"
    is-stream "^1.0.1"

object-assign@4.1.1, object-assign@^4.1.0, object-assign@^4.1.1:
  version "4.1.1"
  resolved "https://registry.yarnpkg.com/object-assign/-/object-assign-4.1.1.tgz#2109adc7965887cfc05cbbd442cac8bfbb360863"
  integrity sha1-IQmtx5ZYh8/AXLvUQsrIv7s2CGM=

picocolors@^1.0.0:
  version "1.0.0"
  resolved "https://registry.yarnpkg.com/picocolors/-/picocolors-1.0.0.tgz#cb5bdc74ff3f51892236eaf79d68bc44564ab81c"
  integrity sha512-1fygroTLlHu66zi26VoTDv8yRgm0Fccecssto+MhsZ0D/DGW2sm8E8AjW7NU5VVTRt5GxbeZ5qBuJr+HyLYkjQ==

polygon-offset@0.3.1:
  version "0.3.1"
  resolved "https://registry.yarnpkg.com/polygon-offset/-/polygon-offset-0.3.1.tgz#69a6565f0b27fa76b5270d5c079b0ba2c8f0bba3"
  integrity sha1-aaZWXwsn+na1Jw1cB5sLosjwu6M=
  dependencies:
    martinez-polygon-clipping "^0.1.5"

postcss@8.4.14:
  version "8.4.14"
  resolved "https://registry.yarnpkg.com/postcss/-/postcss-8.4.14.tgz#ee9274d5622b4858c1007a74d76e42e56fd21caf"
  integrity sha512-E398TUmfAYFPBSdzgeieK2Y1+1cpdxJx8yXbK/m57nRhKSmk1GB2tO4lbLBtlkfPQTDKfe4Xqv1ASWPpayPEig==
  dependencies:
    nanoid "^3.3.4"
    picocolors "^1.0.0"
    source-map-js "^1.0.2"

promise@8.0.1:
  version "8.0.1"
  resolved "https://registry.yarnpkg.com/promise/-/promise-8.0.1.tgz#e45d68b00a17647b6da711bf85ed6ed47208f450"
  integrity sha1-5F1osAoXZHttpxG/he1u1HII9FA=
  dependencies:
    asap "~2.0.3"

promise@^7.1.1:
  version "7.3.1"
  resolved "https://registry.yarnpkg.com/promise/-/promise-7.3.1.tgz#064b72602b18f90f29192b8b1bc418ffd1ebd3bf"
  integrity sha512-nolQXZ/4L+bP/UGlkfaIujX9BKxGwmQ9OT4mOt5yvy8iK1h3wqTEJCijzGANTCCl9nWjY41juyAn2K3Q1hLLTg==
  dependencies:
    asap "~2.0.3"

prop-types@15.6.0:
  version "15.6.0"
  resolved "https://registry.yarnpkg.com/prop-types/-/prop-types-15.6.0.tgz#ceaf083022fc46b4a35f69e13ef75aed0d639856"
  integrity sha1-zq8IMCL8RrSjX2nhPvda7Q1jmFY=
  dependencies:
    fbjs "^0.8.16"
    loose-envify "^1.3.1"
    object-assign "^4.1.1"

prop-types@15.6.2:
  version "15.6.2"
  resolved "https://registry.yarnpkg.com/prop-types/-/prop-types-15.6.2.tgz#05d5ca77b4453e985d60fc7ff8c859094a497102"
  integrity sha512-3pboPvLiWD7dkI3qf3KbUe6hKFKa52w+AE0VCqECtf+QHAKgOL37tTaNCnuX1nAAQ4ZhyP+kYVKf8rLmJ/feDQ==
  dependencies:
    loose-envify "^1.3.1"
    object-assign "^4.1.1"

prop-types@^15.6.0, prop-types@^15.6.2:
  version "15.7.2"
  resolved "https://registry.yarnpkg.com/prop-types/-/prop-types-15.7.2.tgz#52c41e75b8c87e72b9d9360e0206b99dcbffa6c5"
  integrity sha512-8QQikdH7//R2vurIJSutZ1smHYTcLpRWEOlHnzcWHmBYrOGUysKwSsrC89BCiFj3CbrfJ/nXFdJepOVrY1GCHQ==
  dependencies:
    loose-envify "^1.4.0"
    object-assign "^4.1.1"
    react-is "^16.8.1"

react-annotation@^2.1.6:
  version "2.2.1"
  resolved "https://registry.yarnpkg.com/react-annotation/-/react-annotation-2.2.1.tgz#e4d4f5d6a62b99a92221a2e857bf361191de9b8c"
  integrity sha512-r+NQfhe9hUDGNo9Th73CLzQGQjCYO7h1w9r4uQygVIhmgd31q8r85dk3BgQJZkhPkb+A/ezf85NGdvIpYZ33Xw==
  dependencies:
    prop-types "15.6.2"
    viz-annotation "0.0.5"

react-dom@16.13.1:
  version "16.13.1"
  resolved "https://registry.yarnpkg.com/react-dom/-/react-dom-16.13.1.tgz#c1bd37331a0486c078ee54c4740720993b2e0e7f"
  integrity sha512-81PIMmVLnCNLO/fFOQxdQkvEq/+Hfpv24XNJfpyZhTRfO0QcmQIF/PgCa1zCOj2w1hrn12MFLyaJ/G0+Mxtfag==
  dependencies:
    loose-envify "^1.1.0"
    object-assign "^4.1.1"
    prop-types "^15.6.2"
    scheduler "^0.19.1"

react-is@^16.8.1:
  version "16.13.1"
  resolved "https://registry.yarnpkg.com/react-is/-/react-is-16.13.1.tgz#789729a4dc36de2999dc156dd6c1d9c18cea56a4"
  integrity sha512-24e6ynE2H+OKt4kqsOvNd8kBpV65zoxbA4BVsEOB3ARVWQki/DHzaUoC5KuON/BiccDaCCTZBuOcfZs70kR8bQ==

react@16.13.1:
  version "16.13.1"
  resolved "https://registry.yarnpkg.com/react/-/react-16.13.1.tgz#2e818822f1a9743122c063d6410d85c1e3afe48e"
  integrity sha512-YMZQQq32xHLX0bz5Mnibv1/LHb3Sqzngu7xstSM+vrkE5Kzr9xE0yMByK5kMoTK30YVJE61WfbxIFFvfeDKT1w==
  dependencies:
    loose-envify "^1.1.0"
    object-assign "^4.1.1"
    prop-types "^15.6.2"

regenerator-runtime@^0.11.0:
  version "0.11.1"
  resolved "https://registry.yarnpkg.com/regenerator-runtime/-/regenerator-runtime-0.11.1.tgz#be05ad7f9bf7d22e056f9726cee5017fbf19e2e9"
  integrity sha512-MguG95oij0fC3QV3URf4V2SDYGJhJnJGqvIIgdECeODCT98wSWDAJ94SSuVpYQUoTcGUIL6L4yNB7j1DFFHSBg==

regression@^2.0.1:
  version "2.0.1"
  resolved "https://registry.yarnpkg.com/regression/-/regression-2.0.1.tgz#8d29c3e8224a10850c35e337e85a8b2fac3b0c87"
  integrity sha1-jSnD6CJKEIUMNeM36FqLL6w7DIc=

roughjs-es5@0.1.0:
  version "0.1.0"
  resolved "https://registry.yarnpkg.com/roughjs-es5/-/roughjs-es5-0.1.0.tgz#7ba4d5fc490948fd75bcab75d94e7106f49f0af6"
  integrity sha512-NMjzoBgSYk8qEYLSxzxytS20sfdQV7zg119FZjFDjIDwaqodFcf7QwzKbqM64VeAYF61qogaPLk3cs8Gb+TqZA==
  dependencies:
    babel-runtime "^6.26.0"

"safer-buffer@>= 2.1.2 < 3.0.0":
  version "2.1.2"
  resolved "https://registry.yarnpkg.com/safer-buffer/-/safer-buffer-2.1.2.tgz#44fa161b0187b9549dd84bb91802f9bd8385cd6a"
  integrity sha512-YZo3K82SD7Riyi0E1EQPojLz7kpepnSQI9IyPbHHg1XXXevb5dJI7tpyN2ADxGcQbHG7vcyRHk0cbwqcQriUtg==

scheduler@^0.19.1:
  version "0.19.1"
  resolved "https://registry.yarnpkg.com/scheduler/-/scheduler-0.19.1.tgz#4f3e2ed2c1a7d65681f4c854fa8c5a1ccb40f196"
  integrity sha512-n/zwRWRYSUj0/3g/otKDRPMh6qv2SYMWNq85IEa8iZyAv8od9zDYpGSnpBEjNgcMNq6Scbu5KfIPxNF72R/2EA==
  dependencies:
    loose-envify "^1.1.0"
    object-assign "^4.1.1"

semiotic-mark@0.3.1:
  version "0.3.1"
  resolved "https://registry.yarnpkg.com/semiotic-mark/-/semiotic-mark-0.3.1.tgz#7295560740bb1254513d35e07702abc0c257de05"
  integrity sha512-j7CsNannyJi68Yg5DXDZJrw3wEssBTaeGEvGMaTqPuBlM1kPFXYWvS0dpRzsT/Yopn/kRRyooDR+l6zQCwV+EQ==
  dependencies:
    d3-interpolate "^1.1.5"
    d3-scale "^1.0.3"
    d3-selection "^1.1.0"
    d3-shape "^1.2.0"
    d3-transition "^1.0.3"
    prop-types "^15.6.0"
    roughjs-es5 "0.1.0"

semiotic@1.20.5:
  version "1.20.5"
  resolved "https://registry.yarnpkg.com/semiotic/-/semiotic-1.20.5.tgz#326b93b8a5d86b9ddef02c274b00f0ec5e1fd955"
  integrity sha512-ltPOHshajXkCZlXoPRpfdNfKYgCMC0giT4w31Plf+ifxRW3Kov+oAhPGMf/rXOiOuRXUKv8+y+clgfXC5papmA==
  dependencies:
    "@mapbox/polylabel" "1"
    d3-array "^1.2.0"
    d3-bboxCollide "^1.0.3"
    d3-brush "^1.0.6"
    d3-chord "^1.0.4"
    d3-collection "^1.0.1"
    d3-contour "^1.1.1"
    d3-force "^1.0.2"
    d3-glyphedge "^1.2.0"
    d3-hexbin "^0.2.2"
    d3-hierarchy "^1.1.3"
    d3-interpolate "^1.1.5"
    d3-polygon "^1.0.5"
    d3-sankey-circular "0.25.0"
    d3-scale "^1.0.3"
    d3-selection "^1.1.0"
    d3-shape "^1.2.0"
    d3-voronoi "^1.0.2"
    json2csv "^4.5.1"
    labella "1.1.4"
    memoize-one "4.0.0"
    object-assign "4.1.1"
    polygon-offset "0.3.1"
    promise "8.0.1"
    prop-types "15.6.0"
    react-annotation "^2.1.6"
    regression "^2.0.1"
    roughjs-es5 "0.1.0"
    semiotic-mark "0.3.1"
    svg-path-bounding-box "1.0.4"

setimmediate@^1.0.5:
  version "1.0.5"
  resolved "https://registry.yarnpkg.com/setimmediate/-/setimmediate-1.0.5.tgz#290cbb232e306942d7d7ea9b83732ab7856f8285"
  integrity sha1-KQy7Iy4waULX1+qbg3Mqt4VvgoU=

source-map-js@^1.0.2:
  version "1.0.2"
  resolved "https://registry.yarnpkg.com/source-map-js/-/source-map-js-1.0.2.tgz#adbc361d9c62df380125e7f161f71c826f1e490c"
  integrity sha512-R0XvVJ9WusLiqTCEiGCmICCMplcCkIwwR11mOSD9CR5u+IXYdiseeEuXCVAjS54zqwkLcPNnmU4OeJ6tUrWhDw==

styled-jsx@5.1.0:
  version "5.1.0"
  resolved "https://registry.yarnpkg.com/styled-jsx/-/styled-jsx-5.1.0.tgz#4a5622ab9714bd3fcfaeec292aa555871f057563"
  integrity sha512-/iHaRJt9U7T+5tp6TRelLnqBqiaIT0HsO0+vgyj8hK2KUk7aejFqRrumqPUlAqDwAj8IbS/1hk3IhBAAK/FCUQ==
  dependencies:
    client-only "0.0.1"

svg-path-bounding-box@1.0.4:
  version "1.0.4"
  resolved "https://registry.yarnpkg.com/svg-path-bounding-box/-/svg-path-bounding-box-1.0.4.tgz#ed73df383c8b47869b6508f058f5748f8833c070"
  integrity sha1-7XPfODyLR4abZQjwWPV0j4gzwHA=
  dependencies:
    svgpath "^2.0.0"

svgpath@^2.0.0:
  version "2.3.0"
  resolved "https://registry.yarnpkg.com/svgpath/-/svgpath-2.3.0.tgz#efc76705deab6bd1774e9f0ed038bb661b5e4d23"
  integrity sha512-N/4UDu3Y2ICik0daMmFW1tplw0XPs1nVIEVYkTiQfj9/JQZeEtAKaSYwheCwje1I4pQ5r22fGpoaNIvGgsyJyg==

tinyqueue@^1.1.0:
  version "1.2.3"
  resolved "https://registry.yarnpkg.com/tinyqueue/-/tinyqueue-1.2.3.tgz#b6a61de23060584da29f82362e45df1ec7353f3d"
  integrity sha512-Qz9RgWuO9l8lT+Y9xvbzhPT2efIUIFd69N7eF7tJ9lnQl0iLj1M7peK7IoUGZL9DJHw9XftqLreccfxcQgYLxA==

tslib@^2.4.0:
  version "2.4.1"
  resolved "https://registry.yarnpkg.com/tslib/-/tslib-2.4.1.tgz#0d0bfbaac2880b91e22df0768e55be9753a5b17e"
  integrity sha512-tGyy4dAjRIEwI7BzsB0lynWgOpfqjUdq91XXAlIWD2OwKBH7oCl/GZG/HT4BOHrTlPMOASlMQ7veyTqpmRcrNA==

ua-parser-js@^0.7.18:
  version "0.7.21"
  resolved "https://registry.yarnpkg.com/ua-parser-js/-/ua-parser-js-0.7.21.tgz#853cf9ce93f642f67174273cc34565ae6f308777"
  integrity sha512-+O8/qh/Qj8CgC6eYBVBykMrNtp5Gebn4dlGD/kKXVkJNDwyrAwSIqwz8CDf+tsAIWVycKcku6gIXJ0qwx/ZXaQ==

use-sync-external-store@1.2.0:
  version "1.2.0"
  resolved "https://registry.yarnpkg.com/use-sync-external-store/-/use-sync-external-store-1.2.0.tgz#7dbefd6ef3fe4e767a0cf5d7287aacfb5846928a"
  integrity sha512-eEgnFxGQ1Ife9bzYs6VLi8/4X6CObHMw9Qr9tPY43iKwsPw8xE8+EFsf/2cFZ5S3esXgpWgtSCtLNS41F+sKPA==

viz-annotation@0.0.5:
  version "0.0.5"
  resolved "https://registry.yarnpkg.com/viz-annotation/-/viz-annotation-0.0.5.tgz#76af6f3538c543a283c0273bd41164c441382ac3"
  integrity sha512-2l65EVx7AgGGNJQRxYdqScmpZiA5+OvwvcfGEaPZA0SBaQJfJd3dh0CR5fTcgBQoylTopFEMqEcjVEutW0CG6A==
  dependencies:
    d3-shape "~1.0.4"

whatwg-fetch@>=0.10.0:
  version "3.2.0"
  resolved "https://registry.yarnpkg.com/whatwg-fetch/-/whatwg-fetch-3.2.0.tgz#8e134f701f0a4ab5fda82626f113e2b647fd16dc"
  integrity sha512-SdGPoQMMnzVYThUbSrEvqTlkvC1Ux27NehaJ/GUHBfNrh5Mjg+1/uRyFMwVnxO2MrikMWvWAqUGgQOfVU4hT7w==
